
Microsoft Visual Studio Solution File, Format Version 11.00
# Visual Studio 2010
Project("{FAE04EC0-301F-11D3-BF4B-00C04F79EFBC}") = "Android", "Android.csproj", "{9279F05E-68C7-4919-A9E3-24A196457C94}"
EndProject
Global
	GlobalSection(SolutionConfigurationPlatforms) = preSolution
		Debug|Any CPU = Debug|Any CPU
		Release|Any CPU = Release|Any CPU
	EndGlobalSection
	GlobalSection(ProjectConfigurationPlatforms) = postSolution
		{9279F05E-68C7-4919-A9E3-24A196457C94}.Debug|Any CPU.ActiveCfg = Debug|Any CPU
		{9279F05E-68C7-4919-A9E3-24A196457C94}.Debug|Any CPU.Build.0 = Debug|Any CPU
		{9279F05E-68C7-4919-A9E3-24A196457C94}.Release|Any CPU.ActiveCfg = Release|Any CPU
		{9279F05E-68C7-4919-A9E3-24A196457C94}.Release|Any CPU.Build.0 = Release|Any CPU
	EndGlobalSection
EndGlobal
