
Microsoft Visual Studio Solution File, Format Version 12.00
# Visual Studio 14
VisualStudioVersion = 14.0.25420.1
MinimumVisualStudioVersion = 10.0.40219.1
Project("{FAE04EC0-301F-11D3-BF4B-00C04F79EFBC}") = "EmpleoDotNet", "EmpleoDotNet\EmpleoDotNet.csproj", "{AFE7FC0B-2D9D-4260-A25F-6B523F9A6A0F}"
EndProject
Project("{FAE04EC0-301F-11D3-BF4B-00C04F79EFBC}") = "EmpleoDotNet.Tests", "EmpleoDotNet.Tests\EmpleoDotNet.Tests.csproj", "{F76D7DB5-E032-42C3-BDEF-84A1405B6633}"
EndProject
Project("{FAE04EC0-301F-11D3-BF4B-00C04F79EFBC}") = "EmpleoDotNet.Core", "EmpleoDotNet.Core\EmpleoDotNet.Core.csproj", "{8677B534-ED45-4526-9A6A-FC08F35BFE8C}"
EndProject
Project("{FAE04EC0-301F-11D3-BF4B-00C04F79EFBC}") = "EmpleoDotNet.Data", "EmpleoDotNet.Data\EmpleoDotNet.Data.csproj", "{32141584-D6C9-44C2-AC12-7F21F6043EE5}"
EndProject
Project("{FAE04EC0-301F-11D3-BF4B-00C04F79EFBC}") = "EmpleoDotNet.Repository", "EmpleoDotNet.Repository\EmpleoDotNet.Repository.csproj", "{4E677DEC-45CF-4E88-9D49-2C0BE16FFACE}"
EndProject
Project("{FAE04EC0-301F-11D3-BF4B-00C04F79EFBC}") = "EmpleoDotNet.AppServices", "EmpleoDotNet.AppServices\EmpleoDotNet.AppServices.csproj", "{57C28455-1B52-46A1-B504-4EE0312B0C53}"
EndProject
Project("{FAE04EC0-301F-11D3-BF4B-00C04F79EFBC}") = "EmpleoDotNet.WebApi", "EmpleoDotNet.WebApi\EmpleoDotNet.WebApi.csproj", "{AB6E3060-6DD5-478D-BB04-20AAECEC0E74}"
EndProject
Project("{FAE04EC0-301F-11D3-BF4B-00C04F79EFBC}") = "EmpleoDotNet.WebApi.Tests", "EmpleoDotNet.WebApi.Tests\EmpleoDotNet.WebApi.Tests.csproj", "{036228D4-0487-4505-9CDD-1E3552725DA1}"
EndProject
Project("{FAE04EC0-301F-11D3-BF4B-00C04F79EFBC}") = "Api.Contract", "Mobile\Api.Contract\Api.Contract.csproj", "{BECA9261-37EF-4883-883D-020F2080DF1B}"
EndProject
Global
	GlobalSection(SolutionConfigurationPlatforms) = preSolution
		Ad-Hoc|Any CPU = Ad-Hoc|Any CPU
		Ad-Hoc|iPhone = Ad-Hoc|iPhone
		Ad-Hoc|iPhoneSimulator = Ad-Hoc|iPhoneSimulator
		AppStore|Any CPU = AppStore|Any CPU
		AppStore|iPhone = AppStore|iPhone
		AppStore|iPhoneSimulator = AppStore|iPhoneSimulator
		Debug|Any CPU = Debug|Any CPU
		Debug|iPhone = Debug|iPhone
		Debug|iPhoneSimulator = Debug|iPhoneSimulator
		Release|Any CPU = Release|Any CPU
		Release|iPhone = Release|iPhone
		Release|iPhoneSimulator = Release|iPhoneSimulator
	EndGlobalSection
	GlobalSection(ProjectConfigurationPlatforms) = postSolution
		{AFE7FC0B-2D9D-4260-A25F-6B523F9A6A0F}.Ad-Hoc|Any CPU.ActiveCfg = Release|Any CPU
		{AFE7FC0B-2D9D-4260-A25F-6B523F9A6A0F}.Ad-Hoc|Any CPU.Build.0 = Release|Any CPU
		{AFE7FC0B-2D9D-4260-A25F-6B523F9A6A0F}.Ad-Hoc|iPhone.ActiveCfg = Release|Any CPU
		{AFE7FC0B-2D9D-4260-A25F-6B523F9A6A0F}.Ad-Hoc|iPhone.Build.0 = Release|Any CPU
		{AFE7FC0B-2D9D-4260-A25F-6B523F9A6A0F}.Ad-Hoc|iPhoneSimulator.ActiveCfg = Release|Any CPU
		{AFE7FC0B-2D9D-4260-A25F-6B523F9A6A0F}.Ad-Hoc|iPhoneSimulator.Build.0 = Release|Any CPU
		{AFE7FC0B-2D9D-4260-A25F-6B523F9A6A0F}.AppStore|Any CPU.ActiveCfg = Release|Any CPU
		{AFE7FC0B-2D9D-4260-A25F-6B523F9A6A0F}.AppStore|Any CPU.Build.0 = Release|Any CPU
		{AFE7FC0B-2D9D-4260-A25F-6B523F9A6A0F}.AppStore|iPhone.ActiveCfg = Release|Any CPU
		{AFE7FC0B-2D9D-4260-A25F-6B523F9A6A0F}.AppStore|iPhone.Build.0 = Release|Any CPU
		{AFE7FC0B-2D9D-4260-A25F-6B523F9A6A0F}.AppStore|iPhoneSimulator.ActiveCfg = Release|Any CPU
		{AFE7FC0B-2D9D-4260-A25F-6B523F9A6A0F}.AppStore|iPhoneSimulator.Build.0 = Release|Any CPU
		{AFE7FC0B-2D9D-4260-A25F-6B523F9A6A0F}.Debug|Any CPU.ActiveCfg = Debug|Any CPU
		{AFE7FC0B-2D9D-4260-A25F-6B523F9A6A0F}.Debug|Any CPU.Build.0 = Debug|Any CPU
		{AFE7FC0B-2D9D-4260-A25F-6B523F9A6A0F}.Debug|iPhone.ActiveCfg = Debug|Any CPU
		{AFE7FC0B-2D9D-4260-A25F-6B523F9A6A0F}.Debug|iPhone.Build.0 = Debug|Any CPU
		{AFE7FC0B-2D9D-4260-A25F-6B523F9A6A0F}.Debug|iPhoneSimulator.ActiveCfg = Debug|Any CPU
		{AFE7FC0B-2D9D-4260-A25F-6B523F9A6A0F}.Debug|iPhoneSimulator.Build.0 = Debug|Any CPU
		{AFE7FC0B-2D9D-4260-A25F-6B523F9A6A0F}.Release|Any CPU.ActiveCfg = Release|Any CPU
		{AFE7FC0B-2D9D-4260-A25F-6B523F9A6A0F}.Release|Any CPU.Build.0 = Release|Any CPU
		{AFE7FC0B-2D9D-4260-A25F-6B523F9A6A0F}.Release|iPhone.ActiveCfg = Release|Any CPU
		{AFE7FC0B-2D9D-4260-A25F-6B523F9A6A0F}.Release|iPhone.Build.0 = Release|Any CPU
		{AFE7FC0B-2D9D-4260-A25F-6B523F9A6A0F}.Release|iPhoneSimulator.ActiveCfg = Release|Any CPU
		{AFE7FC0B-2D9D-4260-A25F-6B523F9A6A0F}.Release|iPhoneSimulator.Build.0 = Release|Any CPU
		{F76D7DB5-E032-42C3-BDEF-84A1405B6633}.Ad-Hoc|Any CPU.ActiveCfg = Release|Any CPU
		{F76D7DB5-E032-42C3-BDEF-84A1405B6633}.Ad-Hoc|Any CPU.Build.0 = Release|Any CPU
		{F76D7DB5-E032-42C3-BDEF-84A1405B6633}.Ad-Hoc|iPhone.ActiveCfg = Release|Any CPU
		{F76D7DB5-E032-42C3-BDEF-84A1405B6633}.Ad-Hoc|iPhone.Build.0 = Release|Any CPU
		{F76D7DB5-E032-42C3-BDEF-84A1405B6633}.Ad-Hoc|iPhoneSimulator.ActiveCfg = Release|Any CPU
		{F76D7DB5-E032-42C3-BDEF-84A1405B6633}.Ad-Hoc|iPhoneSimulator.Build.0 = Release|Any CPU
		{F76D7DB5-E032-42C3-BDEF-84A1405B6633}.AppStore|Any CPU.ActiveCfg = Release|Any CPU
		{F76D7DB5-E032-42C3-BDEF-84A1405B6633}.AppStore|Any CPU.Build.0 = Release|Any CPU
		{F76D7DB5-E032-42C3-BDEF-84A1405B6633}.AppStore|iPhone.ActiveCfg = Release|Any CPU
		{F76D7DB5-E032-42C3-BDEF-84A1405B6633}.AppStore|iPhone.Build.0 = Release|Any CPU
		{F76D7DB5-E032-42C3-BDEF-84A1405B6633}.AppStore|iPhoneSimulator.ActiveCfg = Release|Any CPU
		{F76D7DB5-E032-42C3-BDEF-84A1405B6633}.AppStore|iPhoneSimulator.Build.0 = Release|Any CPU
		{F76D7DB5-E032-42C3-BDEF-84A1405B6633}.Debug|Any CPU.ActiveCfg = Debug|Any CPU
		{F76D7DB5-E032-42C3-BDEF-84A1405B6633}.Debug|Any CPU.Build.0 = Debug|Any CPU
		{F76D7DB5-E032-42C3-BDEF-84A1405B6633}.Debug|iPhone.ActiveCfg = Debug|Any CPU
		{F76D7DB5-E032-42C3-BDEF-84A1405B6633}.Debug|iPhone.Build.0 = Debug|Any CPU
		{F76D7DB5-E032-42C3-BDEF-84A1405B6633}.Debug|iPhoneSimulator.ActiveCfg = Debug|Any CPU
		{F76D7DB5-E032-42C3-BDEF-84A1405B6633}.Debug|iPhoneSimulator.Build.0 = Debug|Any CPU
		{F76D7DB5-E032-42C3-BDEF-84A1405B6633}.Release|Any CPU.ActiveCfg = Release|Any CPU
		{F76D7DB5-E032-42C3-BDEF-84A1405B6633}.Release|Any CPU.Build.0 = Release|Any CPU
		{F76D7DB5-E032-42C3-BDEF-84A1405B6633}.Release|iPhone.ActiveCfg = Release|Any CPU
		{F76D7DB5-E032-42C3-BDEF-84A1405B6633}.Release|iPhone.Build.0 = Release|Any CPU
		{F76D7DB5-E032-42C3-BDEF-84A1405B6633}.Release|iPhoneSimulator.ActiveCfg = Release|Any CPU
		{F76D7DB5-E032-42C3-BDEF-84A1405B6633}.Release|iPhoneSimulator.Build.0 = Release|Any CPU
		{8677B534-ED45-4526-9A6A-FC08F35BFE8C}.Ad-Hoc|Any CPU.ActiveCfg = Release|Any CPU
		{8677B534-ED45-4526-9A6A-FC08F35BFE8C}.Ad-Hoc|Any CPU.Build.0 = Release|Any CPU
		{8677B534-ED45-4526-9A6A-FC08F35BFE8C}.Ad-Hoc|iPhone.ActiveCfg = Release|Any CPU
		{8677B534-ED45-4526-9A6A-FC08F35BFE8C}.Ad-Hoc|iPhone.Build.0 = Release|Any CPU
		{8677B534-ED45-4526-9A6A-FC08F35BFE8C}.Ad-Hoc|iPhoneSimulator.ActiveCfg = Release|Any CPU
		{8677B534-ED45-4526-9A6A-FC08F35BFE8C}.Ad-Hoc|iPhoneSimulator.Build.0 = Release|Any CPU
		{8677B534-ED45-4526-9A6A-FC08F35BFE8C}.AppStore|Any CPU.ActiveCfg = Release|Any CPU
		{8677B534-ED45-4526-9A6A-FC08F35BFE8C}.AppStore|Any CPU.Build.0 = Release|Any CPU
		{8677B534-ED45-4526-9A6A-FC08F35BFE8C}.AppStore|iPhone.ActiveCfg = Release|Any CPU
		{8677B534-ED45-4526-9A6A-FC08F35BFE8C}.AppStore|iPhone.Build.0 = Release|Any CPU
		{8677B534-ED45-4526-9A6A-FC08F35BFE8C}.AppStore|iPhoneSimulator.ActiveCfg = Release|Any CPU
		{8677B534-ED45-4526-9A6A-FC08F35BFE8C}.AppStore|iPhoneSimulator.Build.0 = Release|Any CPU
		{8677B534-ED45-4526-9A6A-FC08F35BFE8C}.Debug|Any CPU.ActiveCfg = Debug|Any CPU
		{8677B534-ED45-4526-9A6A-FC08F35BFE8C}.Debug|Any CPU.Build.0 = Debug|Any CPU
		{8677B534-ED45-4526-9A6A-FC08F35BFE8C}.Debug|iPhone.ActiveCfg = Debug|Any CPU
		{8677B534-ED45-4526-9A6A-FC08F35BFE8C}.Debug|iPhone.Build.0 = Debug|Any CPU
		{8677B534-ED45-4526-9A6A-FC08F35BFE8C}.Debug|iPhoneSimulator.ActiveCfg = Debug|Any CPU
		{8677B534-ED45-4526-9A6A-FC08F35BFE8C}.Debug|iPhoneSimulator.Build.0 = Debug|Any CPU
		{8677B534-ED45-4526-9A6A-FC08F35BFE8C}.Release|Any CPU.ActiveCfg = Release|Any CPU
		{8677B534-ED45-4526-9A6A-FC08F35BFE8C}.Release|Any CPU.Build.0 = Release|Any CPU
		{8677B534-ED45-4526-9A6A-FC08F35BFE8C}.Release|iPhone.ActiveCfg = Release|Any CPU
		{8677B534-ED45-4526-9A6A-FC08F35BFE8C}.Release|iPhone.Build.0 = Release|Any CPU
		{8677B534-ED45-4526-9A6A-FC08F35BFE8C}.Release|iPhoneSimulator.ActiveCfg = Release|Any CPU
		{8677B534-ED45-4526-9A6A-FC08F35BFE8C}.Release|iPhoneSimulator.Build.0 = Release|Any CPU
		{32141584-D6C9-44C2-AC12-7F21F6043EE5}.Ad-Hoc|Any CPU.ActiveCfg = Release|Any CPU
		{32141584-D6C9-44C2-AC12-7F21F6043EE5}.Ad-Hoc|Any CPU.Build.0 = Release|Any CPU
		{32141584-D6C9-44C2-AC12-7F21F6043EE5}.Ad-Hoc|iPhone.ActiveCfg = Release|Any CPU
		{32141584-D6C9-44C2-AC12-7F21F6043EE5}.Ad-Hoc|iPhone.Build.0 = Release|Any CPU
		{32141584-D6C9-44C2-AC12-7F21F6043EE5}.Ad-Hoc|iPhoneSimulator.ActiveCfg = Release|Any CPU
		{32141584-D6C9-44C2-AC12-7F21F6043EE5}.Ad-Hoc|iPhoneSimulator.Build.0 = Release|Any CPU
		{32141584-D6C9-44C2-AC12-7F21F6043EE5}.AppStore|Any CPU.ActiveCfg = Release|Any CPU
		{32141584-D6C9-44C2-AC12-7F21F6043EE5}.AppStore|Any CPU.Build.0 = Release|Any CPU
		{32141584-D6C9-44C2-AC12-7F21F6043EE5}.AppStore|iPhone.ActiveCfg = Release|Any CPU
		{32141584-D6C9-44C2-AC12-7F21F6043EE5}.AppStore|iPhone.Build.0 = Release|Any CPU
		{32141584-D6C9-44C2-AC12-7F21F6043EE5}.AppStore|iPhoneSimulator.ActiveCfg = Release|Any CPU
		{32141584-D6C9-44C2-AC12-7F21F6043EE5}.AppStore|iPhoneSimulator.Build.0 = Release|Any CPU
		{32141584-D6C9-44C2-AC12-7F21F6043EE5}.Debug|Any CPU.ActiveCfg = Debug|Any CPU
		{32141584-D6C9-44C2-AC12-7F21F6043EE5}.Debug|Any CPU.Build.0 = Debug|Any CPU
		{32141584-D6C9-44C2-AC12-7F21F6043EE5}.Debug|iPhone.ActiveCfg = Debug|Any CPU
		{32141584-D6C9-44C2-AC12-7F21F6043EE5}.Debug|iPhone.Build.0 = Debug|Any CPU
		{32141584-D6C9-44C2-AC12-7F21F6043EE5}.Debug|iPhoneSimulator.ActiveCfg = Debug|Any CPU
		{32141584-D6C9-44C2-AC12-7F21F6043EE5}.Debug|iPhoneSimulator.Build.0 = Debug|Any CPU
		{32141584-D6C9-44C2-AC12-7F21F6043EE5}.Release|Any CPU.ActiveCfg = Release|Any CPU
		{32141584-D6C9-44C2-AC12-7F21F6043EE5}.Release|Any CPU.Build.0 = Release|Any CPU
		{32141584-D6C9-44C2-AC12-7F21F6043EE5}.Release|iPhone.ActiveCfg = Release|Any CPU
		{32141584-D6C9-44C2-AC12-7F21F6043EE5}.Release|iPhone.Build.0 = Release|Any CPU
		{32141584-D6C9-44C2-AC12-7F21F6043EE5}.Release|iPhoneSimulator.ActiveCfg = Release|Any CPU
		{32141584-D6C9-44C2-AC12-7F21F6043EE5}.Release|iPhoneSimulator.Build.0 = Release|Any CPU
		{4E677DEC-45CF-4E88-9D49-2C0BE16FFACE}.Ad-Hoc|Any CPU.ActiveCfg = Release|Any CPU
		{4E677DEC-45CF-4E88-9D49-2C0BE16FFACE}.Ad-Hoc|Any CPU.Build.0 = Release|Any CPU
		{4E677DEC-45CF-4E88-9D49-2C0BE16FFACE}.Ad-Hoc|iPhone.ActiveCfg = Release|Any CPU
		{4E677DEC-45CF-4E88-9D49-2C0BE16FFACE}.Ad-Hoc|iPhone.Build.0 = Release|Any CPU
		{4E677DEC-45CF-4E88-9D49-2C0BE16FFACE}.Ad-Hoc|iPhoneSimulator.ActiveCfg = Release|Any CPU
		{4E677DEC-45CF-4E88-9D49-2C0BE16FFACE}.Ad-Hoc|iPhoneSimulator.Build.0 = Release|Any CPU
		{4E677DEC-45CF-4E88-9D49-2C0BE16FFACE}.AppStore|Any CPU.ActiveCfg = Release|Any CPU
		{4E677DEC-45CF-4E88-9D49-2C0BE16FFACE}.AppStore|Any CPU.Build.0 = Release|Any CPU
		{4E677DEC-45CF-4E88-9D49-2C0BE16FFACE}.AppStore|iPhone.ActiveCfg = Release|Any CPU
		{4E677DEC-45CF-4E88-9D49-2C0BE16FFACE}.AppStore|iPhone.Build.0 = Release|Any CPU
		{4E677DEC-45CF-4E88-9D49-2C0BE16FFACE}.AppStore|iPhoneSimulator.ActiveCfg = Release|Any CPU
		{4E677DEC-45CF-4E88-9D49-2C0BE16FFACE}.AppStore|iPhoneSimulator.Build.0 = Release|Any CPU
		{4E677DEC-45CF-4E88-9D49-2C0BE16FFACE}.Debug|Any CPU.ActiveCfg = Debug|Any CPU
		{4E677DEC-45CF-4E88-9D49-2C0BE16FFACE}.Debug|Any CPU.Build.0 = Debug|Any CPU
		{4E677DEC-45CF-4E88-9D49-2C0BE16FFACE}.Debug|iPhone.ActiveCfg = Debug|Any CPU
		{4E677DEC-45CF-4E88-9D49-2C0BE16FFACE}.Debug|iPhone.Build.0 = Debug|Any CPU
		{4E677DEC-45CF-4E88-9D49-2C0BE16FFACE}.Debug|iPhoneSimulator.ActiveCfg = Debug|Any CPU
		{4E677DEC-45CF-4E88-9D49-2C0BE16FFACE}.Debug|iPhoneSimulator.Build.0 = Debug|Any CPU
		{4E677DEC-45CF-4E88-9D49-2C0BE16FFACE}.Release|Any CPU.ActiveCfg = Release|Any CPU
		{4E677DEC-45CF-4E88-9D49-2C0BE16FFACE}.Release|Any CPU.Build.0 = Release|Any CPU
		{4E677DEC-45CF-4E88-9D49-2C0BE16FFACE}.Release|iPhone.ActiveCfg = Release|Any CPU
		{4E677DEC-45CF-4E88-9D49-2C0BE16FFACE}.Release|iPhone.Build.0 = Release|Any CPU
		{4E677DEC-45CF-4E88-9D49-2C0BE16FFACE}.Release|iPhoneSimulator.ActiveCfg = Release|Any CPU
		{4E677DEC-45CF-4E88-9D49-2C0BE16FFACE}.Release|iPhoneSimulator.Build.0 = Release|Any CPU
		{57C28455-1B52-46A1-B504-4EE0312B0C53}.Ad-Hoc|Any CPU.ActiveCfg = Release|Any CPU
		{57C28455-1B52-46A1-B504-4EE0312B0C53}.Ad-Hoc|Any CPU.Build.0 = Release|Any CPU
		{57C28455-1B52-46A1-B504-4EE0312B0C53}.Ad-Hoc|iPhone.ActiveCfg = Release|Any CPU
		{57C28455-1B52-46A1-B504-4EE0312B0C53}.Ad-Hoc|iPhone.Build.0 = Release|Any CPU
		{57C28455-1B52-46A1-B504-4EE0312B0C53}.Ad-Hoc|iPhoneSimulator.ActiveCfg = Release|Any CPU
		{57C28455-1B52-46A1-B504-4EE0312B0C53}.Ad-Hoc|iPhoneSimulator.Build.0 = Release|Any CPU
		{57C28455-1B52-46A1-B504-4EE0312B0C53}.AppStore|Any CPU.ActiveCfg = Release|Any CPU
		{57C28455-1B52-46A1-B504-4EE0312B0C53}.AppStore|Any CPU.Build.0 = Release|Any CPU
		{57C28455-1B52-46A1-B504-4EE0312B0C53}.AppStore|iPhone.ActiveCfg = Release|Any CPU
		{57C28455-1B52-46A1-B504-4EE0312B0C53}.AppStore|iPhone.Build.0 = Release|Any CPU
		{57C28455-1B52-46A1-B504-4EE0312B0C53}.AppStore|iPhoneSimulator.ActiveCfg = Release|Any CPU
		{57C28455-1B52-46A1-B504-4EE0312B0C53}.AppStore|iPhoneSimulator.Build.0 = Release|Any CPU
		{57C28455-1B52-46A1-B504-4EE0312B0C53}.Debug|Any CPU.ActiveCfg = Debug|Any CPU
		{57C28455-1B52-46A1-B504-4EE0312B0C53}.Debug|Any CPU.Build.0 = Debug|Any CPU
		{57C28455-1B52-46A1-B504-4EE0312B0C53}.Debug|iPhone.ActiveCfg = Debug|Any CPU
		{57C28455-1B52-46A1-B504-4EE0312B0C53}.Debug|iPhone.Build.0 = Debug|Any CPU
		{57C28455-1B52-46A1-B504-4EE0312B0C53}.Debug|iPhoneSimulator.ActiveCfg = Debug|Any CPU
		{57C28455-1B52-46A1-B504-4EE0312B0C53}.Debug|iPhoneSimulator.Build.0 = Debug|Any CPU
		{57C28455-1B52-46A1-B504-4EE0312B0C53}.Release|Any CPU.ActiveCfg = Release|Any CPU
		{57C28455-1B52-46A1-B504-4EE0312B0C53}.Release|Any CPU.Build.0 = Release|Any CPU
		{57C28455-1B52-46A1-B504-4EE0312B0C53}.Release|iPhone.ActiveCfg = Release|Any CPU
		{57C28455-1B52-46A1-B504-4EE0312B0C53}.Release|iPhone.Build.0 = Release|Any CPU
		{57C28455-1B52-46A1-B504-4EE0312B0C53}.Release|iPhoneSimulator.ActiveCfg = Release|Any CPU
		{57C28455-1B52-46A1-B504-4EE0312B0C53}.Release|iPhoneSimulator.Build.0 = Release|Any CPU
		{AB6E3060-6DD5-478D-BB04-20AAECEC0E74}.Ad-Hoc|Any CPU.ActiveCfg = Release|Any CPU
		{AB6E3060-6DD5-478D-BB04-20AAECEC0E74}.Ad-Hoc|Any CPU.Build.0 = Release|Any CPU
		{AB6E3060-6DD5-478D-BB04-20AAECEC0E74}.Ad-Hoc|iPhone.ActiveCfg = Release|Any CPU
		{AB6E3060-6DD5-478D-BB04-20AAECEC0E74}.Ad-Hoc|iPhone.Build.0 = Release|Any CPU
		{AB6E3060-6DD5-478D-BB04-20AAECEC0E74}.Ad-Hoc|iPhoneSimulator.ActiveCfg = Release|Any CPU
		{AB6E3060-6DD5-478D-BB04-20AAECEC0E74}.Ad-Hoc|iPhoneSimulator.Build.0 = Release|Any CPU
		{AB6E3060-6DD5-478D-BB04-20AAECEC0E74}.AppStore|Any CPU.ActiveCfg = Release|Any CPU
		{AB6E3060-6DD5-478D-BB04-20AAECEC0E74}.AppStore|Any CPU.Build.0 = Release|Any CPU
		{AB6E3060-6DD5-478D-BB04-20AAECEC0E74}.AppStore|iPhone.ActiveCfg = Release|Any CPU
		{AB6E3060-6DD5-478D-BB04-20AAECEC0E74}.AppStore|iPhone.Build.0 = Release|Any CPU
		{AB6E3060-6DD5-478D-BB04-20AAECEC0E74}.AppStore|iPhoneSimulator.ActiveCfg = Release|Any CPU
		{AB6E3060-6DD5-478D-BB04-20AAECEC0E74}.AppStore|iPhoneSimulator.Build.0 = Release|Any CPU
		{AB6E3060-6DD5-478D-BB04-20AAECEC0E74}.Debug|Any CPU.ActiveCfg = Debug|Any CPU
		{AB6E3060-6DD5-478D-BB04-20AAECEC0E74}.Debug|Any CPU.Build.0 = Debug|Any CPU
		{AB6E3060-6DD5-478D-BB04-20AAECEC0E74}.Debug|iPhone.ActiveCfg = Debug|Any CPU
		{AB6E3060-6DD5-478D-BB04-20AAECEC0E74}.Debug|iPhone.Build.0 = Debug|Any CPU
		{AB6E3060-6DD5-478D-BB04-20AAECEC0E74}.Debug|iPhoneSimulator.ActiveCfg = Debug|Any CPU
		{AB6E3060-6DD5-478D-BB04-20AAECEC0E74}.Debug|iPhoneSimulator.Build.0 = Debug|Any CPU
		{AB6E3060-6DD5-478D-BB04-20AAECEC0E74}.Release|Any CPU.ActiveCfg = Release|Any CPU
		{AB6E3060-6DD5-478D-BB04-20AAECEC0E74}.Release|Any CPU.Build.0 = Release|Any CPU
		{AB6E3060-6DD5-478D-BB04-20AAECEC0E74}.Release|iPhone.ActiveCfg = Release|Any CPU
		{AB6E3060-6DD5-478D-BB04-20AAECEC0E74}.Release|iPhone.Build.0 = Release|Any CPU
		{AB6E3060-6DD5-478D-BB04-20AAECEC0E74}.Release|iPhoneSimulator.ActiveCfg = Release|Any CPU
		{AB6E3060-6DD5-478D-BB04-20AAECEC0E74}.Release|iPhoneSimulator.Build.0 = Release|Any CPU
		{036228D4-0487-4505-9CDD-1E3552725DA1}.Ad-Hoc|Any CPU.ActiveCfg = Release|Any CPU
		{036228D4-0487-4505-9CDD-1E3552725DA1}.Ad-Hoc|Any CPU.Build.0 = Release|Any CPU
		{036228D4-0487-4505-9CDD-1E3552725DA1}.Ad-Hoc|iPhone.ActiveCfg = Release|Any CPU
		{036228D4-0487-4505-9CDD-1E3552725DA1}.Ad-Hoc|iPhone.Build.0 = Release|Any CPU
		{036228D4-0487-4505-9CDD-1E3552725DA1}.Ad-Hoc|iPhoneSimulator.ActiveCfg = Release|Any CPU
		{036228D4-0487-4505-9CDD-1E3552725DA1}.Ad-Hoc|iPhoneSimulator.Build.0 = Release|Any CPU
		{036228D4-0487-4505-9CDD-1E3552725DA1}.AppStore|Any CPU.ActiveCfg = Release|Any CPU
		{036228D4-0487-4505-9CDD-1E3552725DA1}.AppStore|Any CPU.Build.0 = Release|Any CPU
		{036228D4-0487-4505-9CDD-1E3552725DA1}.AppStore|iPhone.ActiveCfg = Release|Any CPU
		{036228D4-0487-4505-9CDD-1E3552725DA1}.AppStore|iPhone.Build.0 = Release|Any CPU
		{036228D4-0487-4505-9CDD-1E3552725DA1}.AppStore|iPhoneSimulator.ActiveCfg = Release|Any CPU
		{036228D4-0487-4505-9CDD-1E3552725DA1}.AppStore|iPhoneSimulator.Build.0 = Release|Any CPU
		{036228D4-0487-4505-9CDD-1E3552725DA1}.Debug|Any CPU.ActiveCfg = Debug|Any CPU
		{036228D4-0487-4505-9CDD-1E3552725DA1}.Debug|Any CPU.Build.0 = Debug|Any CPU
		{036228D4-0487-4505-9CDD-1E3552725DA1}.Debug|iPhone.ActiveCfg = Debug|Any CPU
		{036228D4-0487-4505-9CDD-1E3552725DA1}.Debug|iPhone.Build.0 = Debug|Any CPU
		{036228D4-0487-4505-9CDD-1E3552725DA1}.Debug|iPhoneSimulator.ActiveCfg = Debug|Any CPU
		{036228D4-0487-4505-9CDD-1E3552725DA1}.Debug|iPhoneSimulator.Build.0 = Debug|Any CPU
		{036228D4-0487-4505-9CDD-1E3552725DA1}.Release|Any CPU.ActiveCfg = Release|Any CPU
		{036228D4-0487-4505-9CDD-1E3552725DA1}.Release|Any CPU.Build.0 = Release|Any CPU
		{036228D4-0487-4505-9CDD-1E3552725DA1}.Release|iPhone.ActiveCfg = Release|Any CPU
		{036228D4-0487-4505-9CDD-1E3552725DA1}.Release|iPhone.Build.0 = Release|Any CPU
		{036228D4-0487-4505-9CDD-1E3552725DA1}.Release|iPhoneSimulator.ActiveCfg = Release|Any CPU
		{036228D4-0487-4505-9CDD-1E3552725DA1}.Release|iPhoneSimulator.Build.0 = Release|Any CPU
		{BECA9261-37EF-4883-883D-020F2080DF1B}.Ad-Hoc|Any CPU.ActiveCfg = Release|Any CPU
		{BECA9261-37EF-4883-883D-020F2080DF1B}.Ad-Hoc|Any CPU.Build.0 = Release|Any CPU
		{BECA9261-37EF-4883-883D-020F2080DF1B}.Ad-Hoc|iPhone.ActiveCfg = Release|Any CPU
		{BECA9261-37EF-4883-883D-020F2080DF1B}.Ad-Hoc|iPhone.Build.0 = Release|Any CPU
		{BECA9261-37EF-4883-883D-020F2080DF1B}.Ad-Hoc|iPhoneSimulator.ActiveCfg = Release|Any CPU
		{BECA9261-37EF-4883-883D-020F2080DF1B}.Ad-Hoc|iPhoneSimulator.Build.0 = Release|Any CPU
		{BECA9261-37EF-4883-883D-020F2080DF1B}.AppStore|Any CPU.ActiveCfg = Release|Any CPU
		{BECA9261-37EF-4883-883D-020F2080DF1B}.AppStore|Any CPU.Build.0 = Release|Any CPU
		{BECA9261-37EF-4883-883D-020F2080DF1B}.AppStore|iPhone.ActiveCfg = Release|Any CPU
		{BECA9261-37EF-4883-883D-020F2080DF1B}.AppStore|iPhone.Build.0 = Release|Any CPU
		{BECA9261-37EF-4883-883D-020F2080DF1B}.AppStore|iPhoneSimulator.ActiveCfg = Release|Any CPU
		{BECA9261-37EF-4883-883D-020F2080DF1B}.AppStore|iPhoneSimulator.Build.0 = Release|Any CPU
		{BECA9261-37EF-4883-883D-020F2080DF1B}.Debug|Any CPU.ActiveCfg = Debug|Any CPU
		{BECA9261-37EF-4883-883D-020F2080DF1B}.Debug|Any CPU.Build.0 = Debug|Any CPU
		{BECA9261-37EF-4883-883D-020F2080DF1B}.Debug|iPhone.ActiveCfg = Debug|Any CPU
		{BECA9261-37EF-4883-883D-020F2080DF1B}.Debug|iPhone.Build.0 = Debug|Any CPU
		{BECA9261-37EF-4883-883D-020F2080DF1B}.Debug|iPhoneSimulator.ActiveCfg = Debug|Any CPU
		{BECA9261-37EF-4883-883D-020F2080DF1B}.Debug|iPhoneSimulator.Build.0 = Debug|Any CPU
		{BECA9261-37EF-4883-883D-020F2080DF1B}.Release|Any CPU.ActiveCfg = Release|Any CPU
		{BECA9261-37EF-4883-883D-020F2080DF1B}.Release|Any CPU.Build.0 = Release|Any CPU
		{BECA9261-37EF-4883-883D-020F2080DF1B}.Release|iPhone.ActiveCfg = Release|Any CPU
		{BECA9261-37EF-4883-883D-020F2080DF1B}.Release|iPhone.Build.0 = Release|Any CPU
		{BECA9261-37EF-4883-883D-020F2080DF1B}.Release|iPhoneSimulator.ActiveCfg = Release|Any CPU
		{BECA9261-37EF-4883-883D-020F2080DF1B}.Release|iPhoneSimulator.Build.0 = Release|Any CPU
	EndGlobalSection
	GlobalSection(SolutionProperties) = preSolution
		HideSolutionNode = FALSE
	EndGlobalSection
EndGlobal
