
Microsoft Visual Studio Solution File, Format Version 12.00
# Visual Studio 14
VisualStudioVersion = 14.0.25420.1
MinimumVisualStudioVersion = 10.0.40219.1
Project("{FAE04EC0-301F-11D3-BF4B-00C04F79EFBC}") = "EmpleoDotNet", "EmpleoDotNet\EmpleoDotNet.csproj", "{AFE7FC0B-2D9D-4260-A25F-6B523F9A6A0F}"
EndProject
Project("{FAE04EC0-301F-11D3-BF4B-00C04F79EFBC}") = "EmpleoDotNet.Tests", "EmpleoDotNet.Tests\EmpleoDotNet.Tests.csproj", "{F76D7DB5-E032-42C3-BDEF-84A1405B6633}"
EndProject
Project("{FAE04EC0-301F-11D3-BF4B-00C04F79EFBC}") = "EmpleoDotNet.Core", "EmpleoDotNet.Core\EmpleoDotNet.Core.csproj", "{8677B534-ED45-4526-9A6A-FC08F35BFE8C}"
EndProject
Project("{FAE04EC0-301F-11D3-BF4B-00C04F79EFBC}") = "EmpleoDotNet.Data", "EmpleoDotNet.Data\EmpleoDotNet.Data.csproj", "{32141584-D6C9-44C2-AC12-7F21F6043EE5}"
EndProject
Project("{FAE04EC0-301F-11D3-BF4B-00C04F79EFBC}") = "EmpleoDotNet.Repository", "EmpleoDotNet.Repository\EmpleoDotNet.Repository.csproj", "{4E677DEC-45CF-4E88-9D49-2C0BE16FFACE}"
EndProject
Project("{FAE04EC0-301F-11D3-BF4B-00C04F79EFBC}") = "EmpleoDotNet.AppServices", "EmpleoDotNet.AppServices\EmpleoDotNet.AppServices.csproj", "{57C28455-1B52-46A1-B504-4EE0312B0C53}"
EndProject
Project("{FAE04EC0-301F-11D3-BF4B-00C04F79EFBC}") = "EmpleoDotNet.WebAPI", "EmpleoDotNet.WebAPI\EmpleoDotNet.WebAPI.csproj", "{297E91B2-0732-477E-BA39-72AB2F128DDC}"
EndProject
Project("{FAE04EC0-301F-11D3-BF4B-00C04F79EFBC}") = "EmpleoDotNet.WebAPI.Tests", "EmpleoDotNet.WebAPI.Tests\EmpleoDotNet.WebAPI.Tests.csproj", "{4888C9A6-1EA2-47D4-8D18-53E730C54DFD}"
EndProject
Global
	GlobalSection(SolutionConfigurationPlatforms) = preSolution
		Ad-Hoc|Any CPU = Ad-Hoc|Any CPU
		Ad-Hoc|iPhone = Ad-Hoc|iPhone
		Ad-Hoc|iPhoneSimulator = Ad-Hoc|iPhoneSimulator
		AppStore|Any CPU = AppStore|Any CPU
		AppStore|iPhone = AppStore|iPhone
		AppStore|iPhoneSimulator = AppStore|iPhoneSimulator
		Debug|Any CPU = Debug|Any CPU
		Debug|iPhone = Debug|iPhone
		Debug|iPhoneSimulator = Debug|iPhoneSimulator
		Release|Any CPU = Release|Any CPU
		Release|iPhone = Release|iPhone
		Release|iPhoneSimulator = Release|iPhoneSimulator
	EndGlobalSection
	GlobalSection(ProjectConfigurationPlatforms) = postSolution
		{AFE7FC0B-2D9D-4260-A25F-6B523F9A6A0F}.Ad-Hoc|Any CPU.ActiveCfg = Release|Any CPU
		{AFE7FC0B-2D9D-4260-A25F-6B523F9A6A0F}.Ad-Hoc|Any CPU.Build.0 = Release|Any CPU
		{AFE7FC0B-2D9D-4260-A25F-6B523F9A6A0F}.Ad-Hoc|iPhone.ActiveCfg = Release|Any CPU
		{AFE7FC0B-2D9D-4260-A25F-6B523F9A6A0F}.Ad-Hoc|iPhone.Build.0 = Release|Any CPU
		{AFE7FC0B-2D9D-4260-A25F-6B523F9A6A0F}.Ad-Hoc|iPhoneSimulator.ActiveCfg = Release|Any CPU
		{AFE7FC0B-2D9D-4260-A25F-6B523F9A6A0F}.Ad-Hoc|iPhoneSimulator.Build.0 = Release|Any CPU
		{AFE7FC0B-2D9D-4260-A25F-6B523F9A6A0F}.AppStore|Any CPU.ActiveCfg = Release|Any CPU
		{AFE7FC0B-2D9D-4260-A25F-6B523F9A6A0F}.AppStore|Any CPU.Build.0 = Release|Any CPU
		{AFE7FC0B-2D9D-4260-A25F-6B523F9A6A0F}.AppStore|iPhone.ActiveCfg = Release|Any CPU
		{AFE7FC0B-2D9D-4260-A25F-6B523F9A6A0F}.AppStore|iPhone.Build.0 = Release|Any CPU
		{AFE7FC0B-2D9D-4260-A25F-6B523F9A6A0F}.AppStore|iPhoneSimulator.ActiveCfg = Release|Any CPU
		{AFE7FC0B-2D9D-4260-A25F-6B523F9A6A0F}.AppStore|iPhoneSimulator.Build.0 = Release|Any CPU
		{AFE7FC0B-2D9D-4260-A25F-6B523F9A6A0F}.Debug|Any CPU.ActiveCfg = Debug|Any CPU
		{AFE7FC0B-2D9D-4260-A25F-6B523F9A6A0F}.Debug|Any CPU.Build.0 = Debug|Any CPU
		{AFE7FC0B-2D9D-4260-A25F-6B523F9A6A0F}.Debug|iPhone.ActiveCfg = Debug|Any CPU
		{AFE7FC0B-2D9D-4260-A25F-6B523F9A6A0F}.Debug|iPhone.Build.0 = Debug|Any CPU
		{AFE7FC0B-2D9D-4260-A25F-6B523F9A6A0F}.Debug|iPhoneSimulator.ActiveCfg = Debug|Any CPU
		{AFE7FC0B-2D9D-4260-A25F-6B523F9A6A0F}.Debug|iPhoneSimulator.Build.0 = Debug|Any CPU
		{AFE7FC0B-2D9D-4260-A25F-6B523F9A6A0F}.Release|Any CPU.ActiveCfg = Release|Any CPU
		{AFE7FC0B-2D9D-4260-A25F-6B523F9A6A0F}.Release|Any CPU.Build.0 = Release|Any CPU
		{AFE7FC0B-2D9D-4260-A25F-6B523F9A6A0F}.Release|iPhone.ActiveCfg = Release|Any CPU
		{AFE7FC0B-2D9D-4260-A25F-6B523F9A6A0F}.Release|iPhone.Build.0 = Release|Any CPU
		{AFE7FC0B-2D9D-4260-A25F-6B523F9A6A0F}.Release|iPhoneSimulator.ActiveCfg = Release|Any CPU
		{AFE7FC0B-2D9D-4260-A25F-6B523F9A6A0F}.Release|iPhoneSimulator.Build.0 = Release|Any CPU
		{F76D7DB5-E032-42C3-BDEF-84A1405B6633}.Ad-Hoc|Any CPU.ActiveCfg = Release|Any CPU
		{F76D7DB5-E032-42C3-BDEF-84A1405B6633}.Ad-Hoc|Any CPU.Build.0 = Release|Any CPU
		{F76D7DB5-E032-42C3-BDEF-84A1405B6633}.Ad-Hoc|iPhone.ActiveCfg = Release|Any CPU
		{F76D7DB5-E032-42C3-BDEF-84A1405B6633}.Ad-Hoc|iPhone.Build.0 = Release|Any CPU
		{F76D7DB5-E032-42C3-BDEF-84A1405B6633}.Ad-Hoc|iPhoneSimulator.ActiveCfg = Release|Any CPU
		{F76D7DB5-E032-42C3-BDEF-84A1405B6633}.Ad-Hoc|iPhoneSimulator.Build.0 = Release|Any CPU
		{F76D7DB5-E032-42C3-BDEF-84A1405B6633}.AppStore|Any CPU.ActiveCfg = Release|Any CPU
		{F76D7DB5-E032-42C3-BDEF-84A1405B6633}.AppStore|Any CPU.Build.0 = Release|Any CPU
		{F76D7DB5-E032-42C3-BDEF-84A1405B6633}.AppStore|iPhone.ActiveCfg = Release|Any CPU
		{F76D7DB5-E032-42C3-BDEF-84A1405B6633}.AppStore|iPhone.Build.0 = Release|Any CPU
		{F76D7DB5-E032-42C3-BDEF-84A1405B6633}.AppStore|iPhoneSimulator.ActiveCfg = Release|Any CPU
		{F76D7DB5-E032-42C3-BDEF-84A1405B6633}.AppStore|iPhoneSimulator.Build.0 = Release|Any CPU
		{F76D7DB5-E032-42C3-BDEF-84A1405B6633}.Debug|Any CPU.ActiveCfg = Debug|Any CPU
		{F76D7DB5-E032-42C3-BDEF-84A1405B6633}.Debug|Any CPU.Build.0 = Debug|Any CPU
		{F76D7DB5-E032-42C3-BDEF-84A1405B6633}.Debug|iPhone.ActiveCfg = Debug|Any CPU
		{F76D7DB5-E032-42C3-BDEF-84A1405B6633}.Debug|iPhone.Build.0 = Debug|Any CPU
		{F76D7DB5-E032-42C3-BDEF-84A1405B6633}.Debug|iPhoneSimulator.ActiveCfg = Debug|Any CPU
		{F76D7DB5-E032-42C3-BDEF-84A1405B6633}.Debug|iPhoneSimulator.Build.0 = Debug|Any CPU
		{F76D7DB5-E032-42C3-BDEF-84A1405B6633}.Release|Any CPU.ActiveCfg = Release|Any CPU
		{F76D7DB5-E032-42C3-BDEF-84A1405B6633}.Release|Any CPU.Build.0 = Release|Any CPU
		{F76D7DB5-E032-42C3-BDEF-84A1405B6633}.Release|iPhone.ActiveCfg = Release|Any CPU
		{F76D7DB5-E032-42C3-BDEF-84A1405B6633}.Release|iPhone.Build.0 = Release|Any CPU
		{F76D7DB5-E032-42C3-BDEF-84A1405B6633}.Release|iPhoneSimulator.ActiveCfg = Release|Any CPU
		{F76D7DB5-E032-42C3-BDEF-84A1405B6633}.Release|iPhoneSimulator.Build.0 = Release|Any CPU
		{8677B534-ED45-4526-9A6A-FC08F35BFE8C}.Ad-Hoc|Any CPU.ActiveCfg = Release|Any CPU
		{8677B534-ED45-4526-9A6A-FC08F35BFE8C}.Ad-Hoc|Any CPU.Build.0 = Release|Any CPU
		{8677B534-ED45-4526-9A6A-FC08F35BFE8C}.Ad-Hoc|iPhone.ActiveCfg = Release|Any CPU
		{8677B534-ED45-4526-9A6A-FC08F35BFE8C}.Ad-Hoc|iPhone.Build.0 = Release|Any CPU
		{8677B534-ED45-4526-9A6A-FC08F35BFE8C}.Ad-Hoc|iPhoneSimulator.ActiveCfg = Release|Any CPU
		{8677B534-ED45-4526-9A6A-FC08F35BFE8C}.Ad-Hoc|iPhoneSimulator.Build.0 = Release|Any CPU
		{8677B534-ED45-4526-9A6A-FC08F35BFE8C}.AppStore|Any CPU.ActiveCfg = Release|Any CPU
		{8677B534-ED45-4526-9A6A-FC08F35BFE8C}.AppStore|Any CPU.Build.0 = Release|Any CPU
		{8677B534-ED45-4526-9A6A-FC08F35BFE8C}.AppStore|iPhone.ActiveCfg = Release|Any CPU
		{8677B534-ED45-4526-9A6A-FC08F35BFE8C}.AppStore|iPhone.Build.0 = Release|Any CPU
		{8677B534-ED45-4526-9A6A-FC08F35BFE8C}.AppStore|iPhoneSimulator.ActiveCfg = Release|Any CPU
		{8677B534-ED45-4526-9A6A-FC08F35BFE8C}.AppStore|iPhoneSimulator.Build.0 = Release|Any CPU
		{8677B534-ED45-4526-9A6A-FC08F35BFE8C}.Debug|Any CPU.ActiveCfg = Debug|Any CPU
		{8677B534-ED45-4526-9A6A-FC08F35BFE8C}.Debug|Any CPU.Build.0 = Debug|Any CPU
		{8677B534-ED45-4526-9A6A-FC08F35BFE8C}.Debug|iPhone.ActiveCfg = Debug|Any CPU
		{8677B534-ED45-4526-9A6A-FC08F35BFE8C}.Debug|iPhone.Build.0 = Debug|Any CPU
		{8677B534-ED45-4526-9A6A-FC08F35BFE8C}.Debug|iPhoneSimulator.ActiveCfg = Debug|Any CPU
		{8677B534-ED45-4526-9A6A-FC08F35BFE8C}.Debug|iPhoneSimulator.Build.0 = Debug|Any CPU
		{8677B534-ED45-4526-9A6A-FC08F35BFE8C}.Release|Any CPU.ActiveCfg = Release|Any CPU
		{8677B534-ED45-4526-9A6A-FC08F35BFE8C}.Release|Any CPU.Build.0 = Release|Any CPU
		{8677B534-ED45-4526-9A6A-FC08F35BFE8C}.Release|iPhone.ActiveCfg = Release|Any CPU
		{8677B534-ED45-4526-9A6A-FC08F35BFE8C}.Release|iPhone.Build.0 = Release|Any CPU
		{8677B534-ED45-4526-9A6A-FC08F35BFE8C}.Release|iPhoneSimulator.ActiveCfg = Release|Any CPU
		{8677B534-ED45-4526-9A6A-FC08F35BFE8C}.Release|iPhoneSimulator.Build.0 = Release|Any CPU
		{32141584-D6C9-44C2-AC12-7F21F6043EE5}.Ad-Hoc|Any CPU.ActiveCfg = Release|Any CPU
		{32141584-D6C9-44C2-AC12-7F21F6043EE5}.Ad-Hoc|Any CPU.Build.0 = Release|Any CPU
		{32141584-D6C9-44C2-AC12-7F21F6043EE5}.Ad-Hoc|iPhone.ActiveCfg = Release|Any CPU
		{32141584-D6C9-44C2-AC12-7F21F6043EE5}.Ad-Hoc|iPhone.Build.0 = Release|Any CPU
		{32141584-D6C9-44C2-AC12-7F21F6043EE5}.Ad-Hoc|iPhoneSimulator.ActiveCfg = Release|Any CPU
		{32141584-D6C9-44C2-AC12-7F21F6043EE5}.Ad-Hoc|iPhoneSimulator.Build.0 = Release|Any CPU
		{32141584-D6C9-44C2-AC12-7F21F6043EE5}.AppStore|Any CPU.ActiveCfg = Release|Any CPU
		{32141584-D6C9-44C2-AC12-7F21F6043EE5}.AppStore|Any CPU.Build.0 = Release|Any CPU
		{32141584-D6C9-44C2-AC12-7F21F6043EE5}.AppStore|iPhone.ActiveCfg = Release|Any CPU
		{32141584-D6C9-44C2-AC12-7F21F6043EE5}.AppStore|iPhone.Build.0 = Release|Any CPU
		{32141584-D6C9-44C2-AC12-7F21F6043EE5}.AppStore|iPhoneSimulator.ActiveCfg = Release|Any CPU
		{32141584-D6C9-44C2-AC12-7F21F6043EE5}.AppStore|iPhoneSimulator.Build.0 = Release|Any CPU
		{32141584-D6C9-44C2-AC12-7F21F6043EE5}.Debug|Any CPU.ActiveCfg = Debug|Any CPU
		{32141584-D6C9-44C2-AC12-7F21F6043EE5}.Debug|Any CPU.Build.0 = Debug|Any CPU
		{32141584-D6C9-44C2-AC12-7F21F6043EE5}.Debug|iPhone.ActiveCfg = Debug|Any CPU
		{32141584-D6C9-44C2-AC12-7F21F6043EE5}.Debug|iPhone.Build.0 = Debug|Any CPU
		{32141584-D6C9-44C2-AC12-7F21F6043EE5}.Debug|iPhoneSimulator.ActiveCfg = Debug|Any CPU
		{32141584-D6C9-44C2-AC12-7F21F6043EE5}.Debug|iPhoneSimulator.Build.0 = Debug|Any CPU
		{32141584-D6C9-44C2-AC12-7F21F6043EE5}.Release|Any CPU.ActiveCfg = Release|Any CPU
		{32141584-D6C9-44C2-AC12-7F21F6043EE5}.Release|Any CPU.Build.0 = Release|Any CPU
		{32141584-D6C9-44C2-AC12-7F21F6043EE5}.Release|iPhone.ActiveCfg = Release|Any CPU
		{32141584-D6C9-44C2-AC12-7F21F6043EE5}.Release|iPhone.Build.0 = Release|Any CPU
		{32141584-D6C9-44C2-AC12-7F21F6043EE5}.Release|iPhoneSimulator.ActiveCfg = Release|Any CPU
		{32141584-D6C9-44C2-AC12-7F21F6043EE5}.Release|iPhoneSimulator.Build.0 = Release|Any CPU
		{4E677DEC-45CF-4E88-9D49-2C0BE16FFACE}.Ad-Hoc|Any CPU.ActiveCfg = Release|Any CPU
		{4E677DEC-45CF-4E88-9D49-2C0BE16FFACE}.Ad-Hoc|Any CPU.Build.0 = Release|Any CPU
		{4E677DEC-45CF-4E88-9D49-2C0BE16FFACE}.Ad-Hoc|iPhone.ActiveCfg = Release|Any CPU
		{4E677DEC-45CF-4E88-9D49-2C0BE16FFACE}.Ad-Hoc|iPhone.Build.0 = Release|Any CPU
		{4E677DEC-45CF-4E88-9D49-2C0BE16FFACE}.Ad-Hoc|iPhoneSimulator.ActiveCfg = Release|Any CPU
		{4E677DEC-45CF-4E88-9D49-2C0BE16FFACE}.Ad-Hoc|iPhoneSimulator.Build.0 = Release|Any CPU
		{4E677DEC-45CF-4E88-9D49-2C0BE16FFACE}.AppStore|Any CPU.ActiveCfg = Release|Any CPU
		{4E677DEC-45CF-4E88-9D49-2C0BE16FFACE}.AppStore|Any CPU.Build.0 = Release|Any CPU
		{4E677DEC-45CF-4E88-9D49-2C0BE16FFACE}.AppStore|iPhone.ActiveCfg = Release|Any CPU
		{4E677DEC-45CF-4E88-9D49-2C0BE16FFACE}.AppStore|iPhone.Build.0 = Release|Any CPU
		{4E677DEC-45CF-4E88-9D49-2C0BE16FFACE}.AppStore|iPhoneSimulator.ActiveCfg = Release|Any CPU
		{4E677DEC-45CF-4E88-9D49-2C0BE16FFACE}.AppStore|iPhoneSimulator.Build.0 = Release|Any CPU
		{4E677DEC-45CF-4E88-9D49-2C0BE16FFACE}.Debug|Any CPU.ActiveCfg = Debug|Any CPU
		{4E677DEC-45CF-4E88-9D49-2C0BE16FFACE}.Debug|Any CPU.Build.0 = Debug|Any CPU
		{4E677DEC-45CF-4E88-9D49-2C0BE16FFACE}.Debug|iPhone.ActiveCfg = Debug|Any CPU
		{4E677DEC-45CF-4E88-9D49-2C0BE16FFACE}.Debug|iPhone.Build.0 = Debug|Any CPU
		{4E677DEC-45CF-4E88-9D49-2C0BE16FFACE}.Debug|iPhoneSimulator.ActiveCfg = Debug|Any CPU
		{4E677DEC-45CF-4E88-9D49-2C0BE16FFACE}.Debug|iPhoneSimulator.Build.0 = Debug|Any CPU
		{4E677DEC-45CF-4E88-9D49-2C0BE16FFACE}.Release|Any CPU.ActiveCfg = Release|Any CPU
		{4E677DEC-45CF-4E88-9D49-2C0BE16FFACE}.Release|Any CPU.Build.0 = Release|Any CPU
		{4E677DEC-45CF-4E88-9D49-2C0BE16FFACE}.Release|iPhone.ActiveCfg = Release|Any CPU
		{4E677DEC-45CF-4E88-9D49-2C0BE16FFACE}.Release|iPhone.Build.0 = Release|Any CPU
		{4E677DEC-45CF-4E88-9D49-2C0BE16FFACE}.Release|iPhoneSimulator.ActiveCfg = Release|Any CPU
		{4E677DEC-45CF-4E88-9D49-2C0BE16FFACE}.Release|iPhoneSimulator.Build.0 = Release|Any CPU
		{57C28455-1B52-46A1-B504-4EE0312B0C53}.Ad-Hoc|Any CPU.ActiveCfg = Release|Any CPU
		{57C28455-1B52-46A1-B504-4EE0312B0C53}.Ad-Hoc|Any CPU.Build.0 = Release|Any CPU
		{57C28455-1B52-46A1-B504-4EE0312B0C53}.Ad-Hoc|iPhone.ActiveCfg = Release|Any CPU
		{57C28455-1B52-46A1-B504-4EE0312B0C53}.Ad-Hoc|iPhone.Build.0 = Release|Any CPU
		{57C28455-1B52-46A1-B504-4EE0312B0C53}.Ad-Hoc|iPhoneSimulator.ActiveCfg = Release|Any CPU
		{57C28455-1B52-46A1-B504-4EE0312B0C53}.Ad-Hoc|iPhoneSimulator.Build.0 = Release|Any CPU
		{57C28455-1B52-46A1-B504-4EE0312B0C53}.AppStore|Any CPU.ActiveCfg = Release|Any CPU
		{57C28455-1B52-46A1-B504-4EE0312B0C53}.AppStore|Any CPU.Build.0 = Release|Any CPU
		{57C28455-1B52-46A1-B504-4EE0312B0C53}.AppStore|iPhone.ActiveCfg = Release|Any CPU
		{57C28455-1B52-46A1-B504-4EE0312B0C53}.AppStore|iPhone.Build.0 = Release|Any CPU
		{57C28455-1B52-46A1-B504-4EE0312B0C53}.AppStore|iPhoneSimulator.ActiveCfg = Release|Any CPU
		{57C28455-1B52-46A1-B504-4EE0312B0C53}.AppStore|iPhoneSimulator.Build.0 = Release|Any CPU
		{57C28455-1B52-46A1-B504-4EE0312B0C53}.Debug|Any CPU.ActiveCfg = Debug|Any CPU
		{57C28455-1B52-46A1-B504-4EE0312B0C53}.Debug|Any CPU.Build.0 = Debug|Any CPU
		{57C28455-1B52-46A1-B504-4EE0312B0C53}.Debug|iPhone.ActiveCfg = Debug|Any CPU
		{57C28455-1B52-46A1-B504-4EE0312B0C53}.Debug|iPhone.Build.0 = Debug|Any CPU
		{57C28455-1B52-46A1-B504-4EE0312B0C53}.Debug|iPhoneSimulator.ActiveCfg = Debug|Any CPU
		{57C28455-1B52-46A1-B504-4EE0312B0C53}.Debug|iPhoneSimulator.Build.0 = Debug|Any CPU
		{57C28455-1B52-46A1-B504-4EE0312B0C53}.Release|Any CPU.ActiveCfg = Release|Any CPU
		{57C28455-1B52-46A1-B504-4EE0312B0C53}.Release|Any CPU.Build.0 = Release|Any CPU
		{57C28455-1B52-46A1-B504-4EE0312B0C53}.Release|iPhone.ActiveCfg = Release|Any CPU
		{57C28455-1B52-46A1-B504-4EE0312B0C53}.Release|iPhone.Build.0 = Release|Any CPU
		{57C28455-1B52-46A1-B504-4EE0312B0C53}.Release|iPhoneSimulator.ActiveCfg = Release|Any CPU
		{57C28455-1B52-46A1-B504-4EE0312B0C53}.Release|iPhoneSimulator.Build.0 = Release|Any CPU
		{297E91B2-0732-477E-BA39-72AB2F128DDC}.Ad-Hoc|Any CPU.ActiveCfg = Release|Any CPU
		{297E91B2-0732-477E-BA39-72AB2F128DDC}.Ad-Hoc|Any CPU.Build.0 = Release|Any CPU
		{297E91B2-0732-477E-BA39-72AB2F128DDC}.Ad-Hoc|iPhone.ActiveCfg = Release|Any CPU
		{297E91B2-0732-477E-BA39-72AB2F128DDC}.Ad-Hoc|iPhone.Build.0 = Release|Any CPU
		{297E91B2-0732-477E-BA39-72AB2F128DDC}.Ad-Hoc|iPhoneSimulator.ActiveCfg = Release|Any CPU
		{297E91B2-0732-477E-BA39-72AB2F128DDC}.Ad-Hoc|iPhoneSimulator.Build.0 = Release|Any CPU
		{297E91B2-0732-477E-BA39-72AB2F128DDC}.AppStore|Any CPU.ActiveCfg = Release|Any CPU
		{297E91B2-0732-477E-BA39-72AB2F128DDC}.AppStore|Any CPU.Build.0 = Release|Any CPU
		{297E91B2-0732-477E-BA39-72AB2F128DDC}.AppStore|iPhone.ActiveCfg = Release|Any CPU
		{297E91B2-0732-477E-BA39-72AB2F128DDC}.AppStore|iPhone.Build.0 = Release|Any CPU
		{297E91B2-0732-477E-BA39-72AB2F128DDC}.AppStore|iPhoneSimulator.ActiveCfg = Release|Any CPU
		{297E91B2-0732-477E-BA39-72AB2F128DDC}.AppStore|iPhoneSimulator.Build.0 = Release|Any CPU
		{297E91B2-0732-477E-BA39-72AB2F128DDC}.Debug|Any CPU.ActiveCfg = Debug|Any CPU
		{297E91B2-0732-477E-BA39-72AB2F128DDC}.Debug|Any CPU.Build.0 = Debug|Any CPU
		{297E91B2-0732-477E-BA39-72AB2F128DDC}.Debug|iPhone.ActiveCfg = Debug|Any CPU
		{297E91B2-0732-477E-BA39-72AB2F128DDC}.Debug|iPhone.Build.0 = Debug|Any CPU
		{297E91B2-0732-477E-BA39-72AB2F128DDC}.Debug|iPhoneSimulator.ActiveCfg = Debug|Any CPU
		{297E91B2-0732-477E-BA39-72AB2F128DDC}.Debug|iPhoneSimulator.Build.0 = Debug|Any CPU
		{297E91B2-0732-477E-BA39-72AB2F128DDC}.Release|Any CPU.ActiveCfg = Release|Any CPU
		{297E91B2-0732-477E-BA39-72AB2F128DDC}.Release|Any CPU.Build.0 = Release|Any CPU
		{297E91B2-0732-477E-BA39-72AB2F128DDC}.Release|iPhone.ActiveCfg = Release|Any CPU
		{297E91B2-0732-477E-BA39-72AB2F128DDC}.Release|iPhone.Build.0 = Release|Any CPU
		{297E91B2-0732-477E-BA39-72AB2F128DDC}.Release|iPhoneSimulator.ActiveCfg = Release|Any CPU
		{297E91B2-0732-477E-BA39-72AB2F128DDC}.Release|iPhoneSimulator.Build.0 = Release|Any CPU
		{4888C9A6-1EA2-47D4-8D18-53E730C54DFD}.Ad-Hoc|Any CPU.ActiveCfg = Release|Any CPU
		{4888C9A6-1EA2-47D4-8D18-53E730C54DFD}.Ad-Hoc|Any CPU.Build.0 = Release|Any CPU
		{4888C9A6-1EA2-47D4-8D18-53E730C54DFD}.Ad-Hoc|iPhone.ActiveCfg = Release|Any CPU
		{4888C9A6-1EA2-47D4-8D18-53E730C54DFD}.Ad-Hoc|iPhone.Build.0 = Release|Any CPU
		{4888C9A6-1EA2-47D4-8D18-53E730C54DFD}.Ad-Hoc|iPhoneSimulator.ActiveCfg = Release|Any CPU
		{4888C9A6-1EA2-47D4-8D18-53E730C54DFD}.Ad-Hoc|iPhoneSimulator.Build.0 = Release|Any CPU
		{4888C9A6-1EA2-47D4-8D18-53E730C54DFD}.AppStore|Any CPU.ActiveCfg = Release|Any CPU
		{4888C9A6-1EA2-47D4-8D18-53E730C54DFD}.AppStore|Any CPU.Build.0 = Release|Any CPU
		{4888C9A6-1EA2-47D4-8D18-53E730C54DFD}.AppStore|iPhone.ActiveCfg = Release|Any CPU
		{4888C9A6-1EA2-47D4-8D18-53E730C54DFD}.AppStore|iPhone.Build.0 = Release|Any CPU
		{4888C9A6-1EA2-47D4-8D18-53E730C54DFD}.AppStore|iPhoneSimulator.ActiveCfg = Release|Any CPU
		{4888C9A6-1EA2-47D4-8D18-53E730C54DFD}.AppStore|iPhoneSimulator.Build.0 = Release|Any CPU
		{4888C9A6-1EA2-47D4-8D18-53E730C54DFD}.Debug|Any CPU.ActiveCfg = Debug|Any CPU
		{4888C9A6-1EA2-47D4-8D18-53E730C54DFD}.Debug|Any CPU.Build.0 = Debug|Any CPU
		{4888C9A6-1EA2-47D4-8D18-53E730C54DFD}.Debug|iPhone.ActiveCfg = Debug|Any CPU
		{4888C9A6-1EA2-47D4-8D18-53E730C54DFD}.Debug|iPhone.Build.0 = Debug|Any CPU
		{4888C9A6-1EA2-47D4-8D18-53E730C54DFD}.Debug|iPhoneSimulator.ActiveCfg = Debug|Any CPU
		{4888C9A6-1EA2-47D4-8D18-53E730C54DFD}.Debug|iPhoneSimulator.Build.0 = Debug|Any CPU
		{4888C9A6-1EA2-47D4-8D18-53E730C54DFD}.Release|Any CPU.ActiveCfg = Release|Any CPU
		{4888C9A6-1EA2-47D4-8D18-53E730C54DFD}.Release|Any CPU.Build.0 = Release|Any CPU
		{4888C9A6-1EA2-47D4-8D18-53E730C54DFD}.Release|iPhone.ActiveCfg = Release|Any CPU
		{4888C9A6-1EA2-47D4-8D18-53E730C54DFD}.Release|iPhone.Build.0 = Release|Any CPU
		{4888C9A6-1EA2-47D4-8D18-53E730C54DFD}.Release|iPhoneSimulator.ActiveCfg = Release|Any CPU
		{4888C9A6-1EA2-47D4-8D18-53E730C54DFD}.Release|iPhoneSimulator.Build.0 = Release|Any CPU
	EndGlobalSection
	GlobalSection(SolutionProperties) = preSolution
		HideSolutionNode = FALSE
	EndGlobalSection
EndGlobal
