
Microsoft Visual Studio Solution File, Format Version 12.00
# Visual Studio 2012
VisualStudioVersion = 14.0.24720.0
MinimumVisualStudioVersion = 10.0.40219.1
Project("{FAE04EC0-301F-11D3-BF4B-00C04F79EFBC}") = "Android", "Android\Android.csproj", "{9279F05E-68C7-4919-A9E3-24A196457C94}"
EndProject
Project("{FAE04EC0-301F-11D3-BF4B-00C04F79EFBC}") = "Api", "Api\Api.csproj", "{7A6460D0-CB8D-4425-886A-921E1D931FCA}"
EndProject
Project("{FAE04EC0-301F-11D3-BF4B-00C04F79EFBC}") = "Api.Contract", "Api.Contract\Api.Contract.csproj", "{BECA9261-37EF-4883-883D-020F2080DF1B}"
EndProject
Project("{FAE04EC0-301F-11D3-BF4B-00C04F79EFBC}") = "iOS", "iOS\iOS.csproj", "{6B65DBD8-5EEF-4054-A91A-47132081BD5F}"
EndProject
Project("{FAE04EC0-301F-11D3-BF4B-00C04F79EFBC}") = "Core", "Core\Core.csproj", "{E2F64C8E-F63A-4BBC-A45A-985C2D87A481}"
EndProject
Global
	GlobalSection(SolutionConfigurationPlatforms) = preSolution
		Ad-Hoc|Any CPU = Ad-Hoc|Any CPU
		Ad-Hoc|iPhone = Ad-Hoc|iPhone
		Ad-Hoc|iPhoneSimulator = Ad-Hoc|iPhoneSimulator
		AppStore|Any CPU = AppStore|Any CPU
		AppStore|iPhone = AppStore|iPhone
		AppStore|iPhoneSimulator = AppStore|iPhoneSimulator
		Debug|Any CPU = Debug|Any CPU
		Debug|iPhone = Debug|iPhone
		Debug|iPhoneSimulator = Debug|iPhoneSimulator
		Release|Any CPU = Release|Any CPU
		Release|iPhone = Release|iPhone
		Release|iPhoneSimulator = Release|iPhoneSimulator
	EndGlobalSection
	GlobalSection(ProjectConfigurationPlatforms) = postSolution
		{6B65DBD8-5EEF-4054-A91A-47132081BD5F}.Ad-Hoc|Any CPU.ActiveCfg = Ad-Hoc|iPhone
		{6B65DBD8-5EEF-4054-A91A-47132081BD5F}.Ad-Hoc|iPhone.ActiveCfg = Ad-Hoc|iPhone
		{6B65DBD8-5EEF-4054-A91A-47132081BD5F}.Ad-Hoc|iPhone.Build.0 = Ad-Hoc|iPhone
		{6B65DBD8-5EEF-4054-A91A-47132081BD5F}.Ad-Hoc|iPhoneSimulator.ActiveCfg = Ad-Hoc|iPhoneSimulator
		{6B65DBD8-5EEF-4054-A91A-47132081BD5F}.Ad-Hoc|iPhoneSimulator.Build.0 = Ad-Hoc|iPhoneSimulator
		{6B65DBD8-5EEF-4054-A91A-47132081BD5F}.AppStore|Any CPU.ActiveCfg = AppStore|iPhone
		{6B65DBD8-5EEF-4054-A91A-47132081BD5F}.AppStore|iPhone.ActiveCfg = AppStore|iPhone
		{6B65DBD8-5EEF-4054-A91A-47132081BD5F}.AppStore|iPhone.Build.0 = AppStore|iPhone
		{6B65DBD8-5EEF-4054-A91A-47132081BD5F}.AppStore|iPhoneSimulator.ActiveCfg = AppStore|iPhoneSimulator
		{6B65DBD8-5EEF-4054-A91A-47132081BD5F}.AppStore|iPhoneSimulator.Build.0 = AppStore|iPhoneSimulator
		{6B65DBD8-5EEF-4054-A91A-47132081BD5F}.Debug|Any CPU.ActiveCfg = Debug|iPhone
		{6B65DBD8-5EEF-4054-A91A-47132081BD5F}.Debug|iPhone.ActiveCfg = Debug|iPhone
		{6B65DBD8-5EEF-4054-A91A-47132081BD5F}.Debug|iPhone.Build.0 = Debug|iPhone
		{6B65DBD8-5EEF-4054-A91A-47132081BD5F}.Debug|iPhoneSimulator.ActiveCfg = Debug|iPhoneSimulator
		{6B65DBD8-5EEF-4054-A91A-47132081BD5F}.Debug|iPhoneSimulator.Build.0 = Debug|iPhoneSimulator
		{6B65DBD8-5EEF-4054-A91A-47132081BD5F}.Release|Any CPU.ActiveCfg = Release|iPhone
		{6B65DBD8-5EEF-4054-A91A-47132081BD5F}.Release|iPhone.ActiveCfg = Release|iPhone
		{6B65DBD8-5EEF-4054-A91A-47132081BD5F}.Release|iPhone.Build.0 = Release|iPhone
		{6B65DBD8-5EEF-4054-A91A-47132081BD5F}.Release|iPhoneSimulator.ActiveCfg = Release|iPhoneSimulator
		{6B65DBD8-5EEF-4054-A91A-47132081BD5F}.Release|iPhoneSimulator.Build.0 = Release|iPhoneSimulator
		{7A6460D0-CB8D-4425-886A-921E1D931FCA}.Ad-Hoc|Any CPU.ActiveCfg = Release|Any CPU
		{7A6460D0-CB8D-4425-886A-921E1D931FCA}.Ad-Hoc|Any CPU.Build.0 = Release|Any CPU
		{7A6460D0-CB8D-4425-886A-921E1D931FCA}.Ad-Hoc|iPhone.ActiveCfg = Release|Any CPU
		{7A6460D0-CB8D-4425-886A-921E1D931FCA}.Ad-Hoc|iPhone.Build.0 = Release|Any CPU
		{7A6460D0-CB8D-4425-886A-921E1D931FCA}.Ad-Hoc|iPhoneSimulator.ActiveCfg = Release|Any CPU
		{7A6460D0-CB8D-4425-886A-921E1D931FCA}.Ad-Hoc|iPhoneSimulator.Build.0 = Release|Any CPU
		{7A6460D0-CB8D-4425-886A-921E1D931FCA}.AppStore|Any CPU.ActiveCfg = Release|Any CPU
		{7A6460D0-CB8D-4425-886A-921E1D931FCA}.AppStore|Any CPU.Build.0 = Release|Any CPU
		{7A6460D0-CB8D-4425-886A-921E1D931FCA}.AppStore|iPhone.ActiveCfg = Release|Any CPU
		{7A6460D0-CB8D-4425-886A-921E1D931FCA}.AppStore|iPhone.Build.0 = Release|Any CPU
		{7A6460D0-CB8D-4425-886A-921E1D931FCA}.AppStore|iPhoneSimulator.ActiveCfg = Release|Any CPU
		{7A6460D0-CB8D-4425-886A-921E1D931FCA}.AppStore|iPhoneSimulator.Build.0 = Release|Any CPU
		{7A6460D0-CB8D-4425-886A-921E1D931FCA}.Debug|Any CPU.ActiveCfg = Debug|Any CPU
		{7A6460D0-CB8D-4425-886A-921E1D931FCA}.Debug|Any CPU.Build.0 = Debug|Any CPU
		{7A6460D0-CB8D-4425-886A-921E1D931FCA}.Debug|iPhone.ActiveCfg = Debug|Any CPU
		{7A6460D0-CB8D-4425-886A-921E1D931FCA}.Debug|iPhone.Build.0 = Debug|Any CPU
		{7A6460D0-CB8D-4425-886A-921E1D931FCA}.Debug|iPhoneSimulator.ActiveCfg = Debug|Any CPU
		{7A6460D0-CB8D-4425-886A-921E1D931FCA}.Debug|iPhoneSimulator.Build.0 = Debug|Any CPU
		{7A6460D0-CB8D-4425-886A-921E1D931FCA}.Release|Any CPU.ActiveCfg = Release|Any CPU
		{7A6460D0-CB8D-4425-886A-921E1D931FCA}.Release|Any CPU.Build.0 = Release|Any CPU
		{7A6460D0-CB8D-4425-886A-921E1D931FCA}.Release|iPhone.ActiveCfg = Release|Any CPU
		{7A6460D0-CB8D-4425-886A-921E1D931FCA}.Release|iPhone.Build.0 = Release|Any CPU
		{7A6460D0-CB8D-4425-886A-921E1D931FCA}.Release|iPhoneSimulator.ActiveCfg = Release|Any CPU
		{7A6460D0-CB8D-4425-886A-921E1D931FCA}.Release|iPhoneSimulator.Build.0 = Release|Any CPU
		{9279F05E-68C7-4919-A9E3-24A196457C94}.Ad-Hoc|Any CPU.ActiveCfg = Release|Any CPU
		{9279F05E-68C7-4919-A9E3-24A196457C94}.Ad-Hoc|Any CPU.Build.0 = Release|Any CPU
		{9279F05E-68C7-4919-A9E3-24A196457C94}.Ad-Hoc|Any CPU.Deploy.0 = Release|Any CPU
		{9279F05E-68C7-4919-A9E3-24A196457C94}.Ad-Hoc|iPhone.ActiveCfg = Release|Any CPU
		{9279F05E-68C7-4919-A9E3-24A196457C94}.Ad-Hoc|iPhone.Build.0 = Release|Any CPU
		{9279F05E-68C7-4919-A9E3-24A196457C94}.Ad-Hoc|iPhone.Deploy.0 = Release|Any CPU
		{9279F05E-68C7-4919-A9E3-24A196457C94}.Ad-Hoc|iPhoneSimulator.ActiveCfg = Release|Any CPU
		{9279F05E-68C7-4919-A9E3-24A196457C94}.Ad-Hoc|iPhoneSimulator.Build.0 = Release|Any CPU
		{9279F05E-68C7-4919-A9E3-24A196457C94}.Ad-Hoc|iPhoneSimulator.Deploy.0 = Release|Any CPU
		{9279F05E-68C7-4919-A9E3-24A196457C94}.AppStore|Any CPU.ActiveCfg = Release|Any CPU
		{9279F05E-68C7-4919-A9E3-24A196457C94}.AppStore|Any CPU.Build.0 = Release|Any CPU
		{9279F05E-68C7-4919-A9E3-24A196457C94}.AppStore|Any CPU.Deploy.0 = Release|Any CPU
		{9279F05E-68C7-4919-A9E3-24A196457C94}.AppStore|iPhone.ActiveCfg = Release|Any CPU
		{9279F05E-68C7-4919-A9E3-24A196457C94}.AppStore|iPhone.Build.0 = Release|Any CPU
		{9279F05E-68C7-4919-A9E3-24A196457C94}.AppStore|iPhone.Deploy.0 = Release|Any CPU
		{9279F05E-68C7-4919-A9E3-24A196457C94}.AppStore|iPhoneSimulator.ActiveCfg = Release|Any CPU
		{9279F05E-68C7-4919-A9E3-24A196457C94}.AppStore|iPhoneSimulator.Build.0 = Release|Any CPU
		{9279F05E-68C7-4919-A9E3-24A196457C94}.AppStore|iPhoneSimulator.Deploy.0 = Release|Any CPU
		{9279F05E-68C7-4919-A9E3-24A196457C94}.Debug|Any CPU.ActiveCfg = Debug|Any CPU
		{9279F05E-68C7-4919-A9E3-24A196457C94}.Debug|Any CPU.Build.0 = Debug|Any CPU
		{9279F05E-68C7-4919-A9E3-24A196457C94}.Debug|Any CPU.Deploy.0 = Debug|Any CPU
		{9279F05E-68C7-4919-A9E3-24A196457C94}.Debug|iPhone.ActiveCfg = Debug|Any CPU
		{9279F05E-68C7-4919-A9E3-24A196457C94}.Debug|iPhone.Build.0 = Debug|Any CPU
		{9279F05E-68C7-4919-A9E3-24A196457C94}.Debug|iPhone.Deploy.0 = Debug|Any CPU
		{9279F05E-68C7-4919-A9E3-24A196457C94}.Debug|iPhoneSimulator.ActiveCfg = Debug|Any CPU
		{9279F05E-68C7-4919-A9E3-24A196457C94}.Debug|iPhoneSimulator.Build.0 = Debug|Any CPU
		{9279F05E-68C7-4919-A9E3-24A196457C94}.Debug|iPhoneSimulator.Deploy.0 = Debug|Any CPU
		{9279F05E-68C7-4919-A9E3-24A196457C94}.Release|Any CPU.ActiveCfg = Release|Any CPU
		{9279F05E-68C7-4919-A9E3-24A196457C94}.Release|Any CPU.Build.0 = Release|Any CPU
		{9279F05E-68C7-4919-A9E3-24A196457C94}.Release|Any CPU.Deploy.0 = Release|Any CPU
		{9279F05E-68C7-4919-A9E3-24A196457C94}.Release|iPhone.ActiveCfg = Release|Any CPU
		{9279F05E-68C7-4919-A9E3-24A196457C94}.Release|iPhone.Build.0 = Release|Any CPU
		{9279F05E-68C7-4919-A9E3-24A196457C94}.Release|iPhone.Deploy.0 = Release|Any CPU
		{9279F05E-68C7-4919-A9E3-24A196457C94}.Release|iPhoneSimulator.ActiveCfg = Release|Any CPU
		{9279F05E-68C7-4919-A9E3-24A196457C94}.Release|iPhoneSimulator.Build.0 = Release|Any CPU
		{9279F05E-68C7-4919-A9E3-24A196457C94}.Release|iPhoneSimulator.Deploy.0 = Release|Any CPU
		{BECA9261-37EF-4883-883D-020F2080DF1B}.Ad-Hoc|Any CPU.ActiveCfg = Release|Any CPU
		{BECA9261-37EF-4883-883D-020F2080DF1B}.Ad-Hoc|Any CPU.Build.0 = Release|Any CPU
		{BECA9261-37EF-4883-883D-020F2080DF1B}.Ad-Hoc|iPhone.ActiveCfg = Release|Any CPU
		{BECA9261-37EF-4883-883D-020F2080DF1B}.Ad-Hoc|iPhone.Build.0 = Release|Any CPU
		{BECA9261-37EF-4883-883D-020F2080DF1B}.Ad-Hoc|iPhoneSimulator.ActiveCfg = Release|Any CPU
		{BECA9261-37EF-4883-883D-020F2080DF1B}.Ad-Hoc|iPhoneSimulator.Build.0 = Release|Any CPU
		{BECA9261-37EF-4883-883D-020F2080DF1B}.AppStore|Any CPU.ActiveCfg = Release|Any CPU
		{BECA9261-37EF-4883-883D-020F2080DF1B}.AppStore|Any CPU.Build.0 = Release|Any CPU
		{BECA9261-37EF-4883-883D-020F2080DF1B}.AppStore|iPhone.ActiveCfg = Release|Any CPU
		{BECA9261-37EF-4883-883D-020F2080DF1B}.AppStore|iPhone.Build.0 = Release|Any CPU
		{BECA9261-37EF-4883-883D-020F2080DF1B}.AppStore|iPhoneSimulator.ActiveCfg = Release|Any CPU
		{BECA9261-37EF-4883-883D-020F2080DF1B}.AppStore|iPhoneSimulator.Build.0 = Release|Any CPU
		{BECA9261-37EF-4883-883D-020F2080DF1B}.Debug|Any CPU.ActiveCfg = Debug|Any CPU
		{BECA9261-37EF-4883-883D-020F2080DF1B}.Debug|Any CPU.Build.0 = Debug|Any CPU
		{BECA9261-37EF-4883-883D-020F2080DF1B}.Debug|iPhone.ActiveCfg = Debug|Any CPU
		{BECA9261-37EF-4883-883D-020F2080DF1B}.Debug|iPhone.Build.0 = Debug|Any CPU
		{BECA9261-37EF-4883-883D-020F2080DF1B}.Debug|iPhoneSimulator.ActiveCfg = Debug|Any CPU
		{BECA9261-37EF-4883-883D-020F2080DF1B}.Debug|iPhoneSimulator.Build.0 = Debug|Any CPU
		{BECA9261-37EF-4883-883D-020F2080DF1B}.Release|Any CPU.ActiveCfg = Release|Any CPU
		{BECA9261-37EF-4883-883D-020F2080DF1B}.Release|Any CPU.Build.0 = Release|Any CPU
		{BECA9261-37EF-4883-883D-020F2080DF1B}.Release|iPhone.ActiveCfg = Release|Any CPU
		{BECA9261-37EF-4883-883D-020F2080DF1B}.Release|iPhone.Build.0 = Release|Any CPU
		{BECA9261-37EF-4883-883D-020F2080DF1B}.Release|iPhoneSimulator.ActiveCfg = Release|Any CPU
		{BECA9261-37EF-4883-883D-020F2080DF1B}.Release|iPhoneSimulator.Build.0 = Release|Any CPU
		{E2F64C8E-F63A-4BBC-A45A-985C2D87A481}.Ad-Hoc|Any CPU.ActiveCfg = Release|Any CPU
		{E2F64C8E-F63A-4BBC-A45A-985C2D87A481}.Ad-Hoc|Any CPU.Build.0 = Release|Any CPU
		{E2F64C8E-F63A-4BBC-A45A-985C2D87A481}.Ad-Hoc|iPhone.ActiveCfg = Release|Any CPU
		{E2F64C8E-F63A-4BBC-A45A-985C2D87A481}.Ad-Hoc|iPhone.Build.0 = Release|Any CPU
		{E2F64C8E-F63A-4BBC-A45A-985C2D87A481}.Ad-Hoc|iPhoneSimulator.ActiveCfg = Release|Any CPU
		{E2F64C8E-F63A-4BBC-A45A-985C2D87A481}.Ad-Hoc|iPhoneSimulator.Build.0 = Release|Any CPU
		{E2F64C8E-F63A-4BBC-A45A-985C2D87A481}.AppStore|Any CPU.ActiveCfg = Release|Any CPU
		{E2F64C8E-F63A-4BBC-A45A-985C2D87A481}.AppStore|Any CPU.Build.0 = Release|Any CPU
		{E2F64C8E-F63A-4BBC-A45A-985C2D87A481}.AppStore|iPhone.ActiveCfg = Release|Any CPU
		{E2F64C8E-F63A-4BBC-A45A-985C2D87A481}.AppStore|iPhone.Build.0 = Release|Any CPU
		{E2F64C8E-F63A-4BBC-A45A-985C2D87A481}.AppStore|iPhoneSimulator.ActiveCfg = Release|Any CPU
		{E2F64C8E-F63A-4BBC-A45A-985C2D87A481}.AppStore|iPhoneSimulator.Build.0 = Release|Any CPU
		{E2F64C8E-F63A-4BBC-A45A-985C2D87A481}.Debug|Any CPU.ActiveCfg = Debug|Any CPU
		{E2F64C8E-F63A-4BBC-A45A-985C2D87A481}.Debug|Any CPU.Build.0 = Debug|Any CPU
		{E2F64C8E-F63A-4BBC-A45A-985C2D87A481}.Debug|iPhone.ActiveCfg = Debug|Any CPU
		{E2F64C8E-F63A-4BBC-A45A-985C2D87A481}.Debug|iPhone.Build.0 = Debug|Any CPU
		{E2F64C8E-F63A-4BBC-A45A-985C2D87A481}.Debug|iPhoneSimulator.ActiveCfg = Debug|Any CPU
		{E2F64C8E-F63A-4BBC-A45A-985C2D87A481}.Debug|iPhoneSimulator.Build.0 = Debug|Any CPU
		{E2F64C8E-F63A-4BBC-A45A-985C2D87A481}.Release|Any CPU.ActiveCfg = Release|Any CPU
		{E2F64C8E-F63A-4BBC-A45A-985C2D87A481}.Release|Any CPU.Build.0 = Release|Any CPU
		{E2F64C8E-F63A-4BBC-A45A-985C2D87A481}.Release|iPhone.ActiveCfg = Release|Any CPU
		{E2F64C8E-F63A-4BBC-A45A-985C2D87A481}.Release|iPhone.Build.0 = Release|Any CPU
		{E2F64C8E-F63A-4BBC-A45A-985C2D87A481}.Release|iPhoneSimulator.ActiveCfg = Release|Any CPU
		{E2F64C8E-F63A-4BBC-A45A-985C2D87A481}.Release|iPhoneSimulator.Build.0 = Release|Any CPU
	EndGlobalSection
	GlobalSection(SolutionProperties) = preSolution
		HideSolutionNode = FALSE
	EndGlobalSection
EndGlobal
